
Microsoft Visual Studio Solution File, Format Version 11.00
# Visual Studio 2010
Project("{FAE04EC0-301F-11D3-BF4B-00C04F79EFBC}") = "OSM2MSSQL4ROADS", "OSM2MSSQL4ROADS.csproj", "{2438D250-76D4-466A-B101-42C7BEF6A36F}"
EndProject
Global
	GlobalSection(SolutionConfigurationPlatforms) = preSolution
		Debug|Any CPU = Debug|Any CPU
		Release|Any CPU = Release|Any CPU
	EndGlobalSection
	GlobalSection(ProjectConfigurationPlatforms) = postSolution
		{2438D250-76D4-466A-B101-42C7BEF6A36F}.Debug|Any CPU.ActiveCfg = Debug|Any CPU
		{2438D250-76D4-466A-B101-42C7BEF6A36F}.Debug|Any CPU.Build.0 = Debug|Any CPU
		{2438D250-76D4-466A-B101-42C7BEF6A36F}.Release|Any CPU.ActiveCfg = Release|Any CPU
		{2438D250-76D4-466A-B101-42C7BEF6A36F}.Release|Any CPU.Build.0 = Release|Any CPU
	EndGlobalSection
	GlobalSection(SolutionProperties) = preSolution
		HideSolutionNode = FALSE
	EndGlobalSection
EndGlobal
